
Microsoft Visual Studio Solution File, Format Version 12.00
# Visual Studio Version 17
VisualStudioVersion = 17.8.34525.116
MinimumVisualStudioVersion = 10.0.40219.1
Project("{FAE04EC0-301F-11D3-BF4B-00C04F79EFBC}") = "PracticeAPI", "PracticeAPI.csproj", "{8F15B220-0AF5-4398-AD6F-8B8EC51C7347}"
EndProject
Project("{FAE04EC0-301F-11D3-BF4B-00C04F79EFBC}") = "PracticeAPI.Tests", "..\PracticeAPI.Tests\PracticeAPI.Tests.csproj", "{1BC1C5D4-6377-459A-B0B8-FEC07532D40F}"
EndProject
Global
	GlobalSection(SolutionConfigurationPlatforms) = preSolution
		Debug|Any CPU = Debug|Any CPU
		Release|Any CPU = Release|Any CPU
	EndGlobalSection
	GlobalSection(ProjectConfigurationPlatforms) = postSolution
		{8F15B220-0AF5-4398-AD6F-8B8EC51C7347}.Debug|Any CPU.ActiveCfg = Debug|Any CPU
		{8F15B220-0AF5-4398-AD6F-8B8EC51C7347}.Debug|Any CPU.Build.0 = Debug|Any CPU
		{8F15B220-0AF5-4398-AD6F-8B8EC51C7347}.Release|Any CPU.ActiveCfg = Release|Any CPU
		{8F15B220-0AF5-4398-AD6F-8B8EC51C7347}.Release|Any CPU.Build.0 = Release|Any CPU
		{1BC1C5D4-6377-459A-B0B8-FEC07532D40F}.Debug|Any CPU.ActiveCfg = Debug|Any CPU
		{1BC1C5D4-6377-459A-B0B8-FEC07532D40F}.Debug|Any CPU.Build.0 = Debug|Any CPU
		{1BC1C5D4-6377-459A-B0B8-FEC07532D40F}.Release|Any CPU.ActiveCfg = Release|Any CPU
		{1BC1C5D4-6377-459A-B0B8-FEC07532D40F}.Release|Any CPU.Build.0 = Release|Any CPU
	EndGlobalSection
	GlobalSection(SolutionProperties) = preSolution
		HideSolutionNode = FALSE
	EndGlobalSection
	GlobalSection(ExtensibilityGlobals) = postSolution
		SolutionGuid = {CDF977BD-6684-4651-8857-4D7D677440D2}
	EndGlobalSection
EndGlobal
